{
  "name": "electron-react-boilerplate",
  "version": "0.12.0",
  "lockfileVersion": 1,
  "dependencies": {
    "immutable": {
      "version": "3.8.1",
      "resolved": "http://registry.npm.taobao.org/immutable/download/immutable-3.8.1.tgz",
      "integrity": "sha1-IAgH8Rqw9ycQ6khVQt4IgHX2jNI="
    },
    "json-stringify-safe": {
      "version": "5.0.1",
      "resolved": "http://registry.npm.taobao.org/json-stringify-safe/download/json-stringify-safe-5.0.1.tgz",
      "integrity": "sha1-Epai1Y/UXxmg9s4B1lcB4sc1tus="
    },
    "lodash": {
      "version": "4.17.4",
      "resolved": "http://registry.npm.taobao.org/lodash/download/lodash-4.17.4.tgz",
      "integrity": "sha1-eCA6TRwyiuHYbcpkYONptX9AVa4="
    },
    "lodash-es": {
      "version": "4.17.4",
      "resolved": "http://registry.npm.taobao.org/lodash-es/download/lodash-es-4.17.4.tgz",
      "integrity": "sha1-3MHXVS4VCgZABzupyzHXDwMpUOc="
    },
    "redux-persist": {
      "version": "4.8.1",
      "resolved": "http://registry.npm.taobao.org/redux-persist/download/redux-persist-4.8.1.tgz",
      "integrity": "sha1-XqeGQ365SHDaf9asLY467WvoDnM="
    }
  }
}
